// !$*UTF8*$!
{
	archiveVersion = 1;
	classes = {
	};
	objectVersion = 56;
	objects = {

/* Begin PBXBuildFile section */
		5E6BAA16ADCB8EBB644D9B1D /* Pods_Admob.framework in Frameworks */ = {isa = PBXBuildFile; fileRef = 4FA63B4F91BD1F3FD5FC6B03 /* Pods_Admob.framework */; };
		8335A6242B466B8300E8C2B2 /* AppDelegate.swift in Sources */ = {isa = PBXBuildFile; fileRef = 8335A6232B466B8300E8C2B2 /* AppDelegate.swift */; };
		8335A6262B466B8300E8C2B2 /* SceneDelegate.swift in Sources */ = {isa = PBXBuildFile; fileRef = 8335A6252B466B8300E8C2B2 /* SceneDelegate.swift */; };
		8335A6282B466B8300E8C2B2 /* ViewController.swift in Sources */ = {isa = PBXBuildFile; fileRef = 8335A6272B466B8300E8C2B2 /* ViewController.swift */; };
		8335A62B2B466B8300E8C2B2 /* Main.storyboard in Resources */ = {isa = PBXBuildFile; fileRef = 8335A6292B466B8300E8C2B2 /* Main.storyboard */; };
		8335A62D2B466B8500E8C2B2 /* Assets.xcassets in Resources */ = {isa = PBXBuildFile; fileRef = 8335A62C2B466B8500E8C2B2 /* Assets.xcassets */; };
		8335A6302B466B8500E8C2B2 /* LaunchScreen.storyboard in Resources */ = {isa = PBXBuildFile; fileRef = 8335A62E2B466B8500E8C2B2 /* LaunchScreen.storyboard */; };
/* End PBXBuildFile section */

/* Begin PBXFileReference section */
		4FA63B4F91BD1F3FD5FC6B03 /* Pods_Admob.framework */ = {isa = PBXFileReference; explicitFileType = wrapper.framework; includeInIndex = 0; path = Pods_Admob.framework; sourceTree = BUILT_PRODUCTS_DIR; };
		8335A6202B466B8300E8C2B2 /* Admob.app */ = {isa = PBXFileReference; explicitFileType = wrapper.application; includeInIndex = 0; path = Admob.app; sourceTree = BUILT_PRODUCTS_DIR; };
		8335A6232B466B8300E8C2B2 /* AppDelegate.swift */ = {isa = PBXFileReference; lastKnownFileType = sourcecode.swift; path = AppDelegate.swift; sourceTree = "<group>"; };
		8335A6252B466B8300E8C2B2 /* SceneDelegate.swift */ = {isa = PBXFileReference; lastKnownFileType = sourcecode.swift; path = SceneDelegate.swift; sourceTree = "<group>"; };
		8335A6272B466B8300E8C2B2 /* ViewController.swift */ = {isa = PBXFileReference; lastKnownFileType = sourcecode.swift; path = ViewController.swift; sourceTree = "<group>"; };
		8335A62A2B466B8300E8C2B2 /* Base */ = {isa = PBXFileReference; lastKnownFileType = file.storyboard; name = Base; path = Base.lproj/Main.storyboard; sourceTree = "<group>"; };
		8335A62C2B466B8500E8C2B2 /* Assets.xcassets */ = {isa = PBXFileReference; lastKnownFileType = folder.assetcatalog; path = Assets.xcassets; sourceTree = "<group>"; };
		8335A62F2B466B8500E8C2B2 /* Base */ = {isa = PBXFileReference; lastKnownFileType = file.storyboard; name = Base; path = Base.lproj/LaunchScreen.storyboard; sourceTree = "<group>"; };
		8335A6312B466B8500E8C2B2 /* Info.plist */ = {isa = PBXFileReference; lastKnownFileType = text.plist.xml; path = Info.plist; sourceTree = "<group>"; };
		A9D8C23DDCA5A6FDD6295B40 /* Pods-Admob.release.xcconfig */ = {isa = PBXFileReference; includeInIndex = 1; lastKnownFileType = text.xcconfig; name = "Pods-Admob.release.xcconfig"; path = "Target Support Files/Pods-Admob/Pods-Admob.release.xcconfig"; sourceTree = "<group>"; };
		C3943EA0FE4BA92151D8C2FB /* Pods-Admob.debug.xcconfig */ = {isa = PBXFileReference; includeInIndex = 1; lastKnownFileType = text.xcconfig; name = "Pods-Admob.debug.xcconfig"; path = "Target Support Files/Pods-Admob/Pods-Admob.debug.xcconfig"; sourceTree = "<group>"; };
/* End PBXFileReference section */

/* Begin PBXFrameworksBuildPhase section */
		8335A61D2B466B8300E8C2B2 /* Frameworks */ = {
			isa = PBXFrameworksBuildPhase;
			buildActionMask = 2147483647;
			files = (
				5E6BAA16ADCB8EBB644D9B1D /* Pods_Admob.framework in Frameworks */,
			);
			runOnlyForDeploymentPostprocessing = 0;
		};
/* End PBXFrameworksBuildPhase section */

/* Begin PBXGroup section */
		374DC0F045C0D22D24DB5CDB /* Frameworks */ = {
			isa = PBXGroup;
			children = (
				4FA63B4F91BD1F3FD5FC6B03 /* Pods_Admob.framework */,
			);
			name = Frameworks;
			sourceTree = "<group>";
		};
		545348A61C4F19A3377146D3 /* Pods */ = {
			isa = PBXGroup;
			children = (
				C3943EA0FE4BA92151D8C2FB /* Pods-Admob.debug.xcconfig */,
				A9D8C23DDCA5A6FDD6295B40 /* Pods-Admob.release.xcconfig */,
			);
			name = Pods;
			path = Pods;
			sourceTree = "<group>";
		};
		8335A6172B466B8300E8C2B2 = {
			isa = PBXGroup;
			children = (
				8335A6222B466B8300E8C2B2 /* Admob */,
				8335A6212B466B8300E8C2B2 /* Products */,
				545348A61C4F19A3377146D3 /* Pods */,
				374DC0F045C0D22D24DB5CDB /* Frameworks */,
			);
			sourceTree = "<group>";
		};
		8335A6212B466B8300E8C2B2 /* Products */ = {
			isa = PBXGroup;
			children = (
				8335A6202B466B8300E8C2B2 /* Admob.app */,
			);
			name = Products;
			sourceTree = "<group>";
		};
		8335A6222B466B8300E8C2B2 /* Admob */ = {
			isa = PBXGroup;
			children = (
				8335A6232B466B8300E8C2B2 /* AppDelegate.swift */,
				8335A6252B466B8300E8C2B2 /* SceneDelegate.swift */,
				8335A6272B466B8300E8C2B2 /* ViewController.swift */,
				8335A6292B466B8300E8C2B2 /* Main.storyboard */,
				8335A62C2B466B8500E8C2B2 /* Assets.xcassets */,
				8335A62E2B466B8500E8C2B2 /* LaunchScreen.storyboard */,
				8335A6312B466B8500E8C2B2 /* Info.plist */,
			);
			path = Admob;
			sourceTree = "<group>";
		};
/* End PBXGroup section */

/* Begin PBXNativeTarget section */
		8335A61F2B466B8300E8C2B2 /* Admob */ = {
			isa = PBXNativeTarget;
			buildConfigurationList = 8335A6342B466B8500E8C2B2 /* Build configuration list for PBXNativeTarget "Admob" */;
			buildPhases = (
				079603C8A7BE99F17EB651D3 /* [CP] Check Pods Manifest.lock */,
				8335A61C2B466B8300E8C2B2 /* Sources */,
				8335A61D2B466B8300E8C2B2 /* Frameworks */,
				8335A61E2B466B8300E8C2B2 /* Resources */,
				41F5B29672A951CDA42BEB51 /* [CP] Embed Pods Frameworks */,
			);
			buildRules = (
			);
			dependencies = (
			);
			name = Admob;
			productName = Admob;
			productReference = 8335A6202B466B8300E8C2B2 /* Admob.app */;
			productType = "com.apple.product-type.application";
		};
/* End PBXNativeTarget section */

/* Begin PBXProject section */
		8335A6182B466B8300E8C2B2 /* Project object */ = {
			isa = PBXProject;
			attributes = {
				BuildIndependentTargetsInParallel = 1;
				LastSwiftUpdateCheck = 1410;
				LastUpgradeCheck = 1410;
				TargetAttributes = {
					8335A61F2B466B8300E8C2B2 = {
						CreatedOnToolsVersion = 14.1;
					};
				};
			};
			buildConfigurationList = 8335A61B2B466B8300E8C2B2 /* Build configuration list for PBXProject "Admob" */;
			compatibilityVersion = "Xcode 14.0";
			developmentRegion = en;
			hasScannedForEncodings = 0;
			knownRegions = (
				en,
				Base,
			);
			mainGroup = 8335A6172B466B8300E8C2B2;
			productRefGroup = 8335A6212B466B8300E8C2B2 /* Products */;
			projectDirPath = "";
			projectRoot = "";
			targets = (
				8335A61F2B466B8300E8C2B2 /* Admob */,
			);
		};
/* End PBXProject section */

/* Begin PBXResourcesBuildPhase section */
		8335A61E2B466B8300E8C2B2 /* Resources */ = {
			isa = PBXResourcesBuildPhase;
			buildActionMask = 2147483647;
			files = (
				8335A6302B466B8500E8C2B2 /* LaunchScreen.storyboard in Resources */,
				8335A62D2B466B8500E8C2B2 /* Assets.xcassets in Resources */,
				8335A62B2B466B8300E8C2B2 /* Main.storyboard in Resources */,
			);
			runOnlyForDeploymentPostprocessing = 0;
		};
/* End PBXResourcesBuildPhase section */

/* Begin PBXShellScriptBuildPhase section */
		079603C8A7BE99F17EB651D3 /* [CP] Check Pods Manifest.lock */ = {
			isa = PBXShellScriptBuildPhase;
			buildActionMask = 2147483647;
			files = (
			);
			inputFileListPaths = (
			);
			inputPaths = (
				"${PODS_PODFILE_DIR_PATH}/Podfile.lock",
				"${PODS_ROOT}/Manifest.lock",
			);
			name = "[CP] Check Pods Manifest.lock";
			outputFileListPaths = (
			);
			outputPaths = (
				"$(DERIVED_FILE_DIR)/Pods-Admob-checkManifestLockResult.txt",
			);
			runOnlyForDeploymentPostprocessing = 0;
			shellPath = /bin/sh;
			shellScript = "diff \"${PODS_PODFILE_DIR_PATH}/Podfile.lock\" \"${PODS_ROOT}/Manifest.lock\" > /dev/null\nif [ $? != 0 ] ; then\n    # print error to STDERR\n    echo \"error: The sandbox is not in sync with the Podfile.lock. Run 'pod install' or update your CocoaPods installation.\" >&2\n    exit 1\nfi\n# This output is used by Xcode 'outputs' to avoid re-running this script phase.\necho \"SUCCESS\" > \"${SCRIPT_OUTPUT_FILE_0}\"\n";
			showEnvVarsInLog = 0;
		};
		41F5B29672A951CDA42BEB51 /* [CP] Embed Pods Frameworks */ = {
			isa = PBXShellScriptBuildPhase;
			buildActionMask = 2147483647;
			files = (
			);
			inputFileListPaths = (
				"${PODS_ROOT}/Target Support Files/Pods-Admob/Pods-Admob-frameworks-${CONFIGURATION}-input-files.xcfilelist",
			);
			name = "[CP] Embed Pods Frameworks";
			outputFileListPaths = (
				"${PODS_ROOT}/Target Support Files/Pods-Admob/Pods-Admob-frameworks-${CONFIGURATION}-output-files.xcfilelist",
			);
			runOnlyForDeploymentPostprocessing = 0;
			shellPath = /bin/sh;
			shellScript = "\"${PODS_ROOT}/Target Support Files/Pods-Admob/Pods-Admob-frameworks.sh\"\n";
			showEnvVarsInLog = 0;
		};
/* End PBXShellScriptBuildPhase section */

/* Begin PBXSourcesBuildPhase section */
		8335A61C2B466B8300E8C2B2 /* Sources */ = {
			isa = PBXSourcesBuildPhase;
			buildActionMask = 2147483647;
			files = (
				8335A6282B466B8300E8C2B2 /* ViewController.swift in Sources */,
				8335A6242B466B8300E8C2B2 /* AppDelegate.swift in Sources */,
				8335A6262B466B8300E8C2B2 /* SceneDelegate.swift in Sources */,
			);
			runOnlyForDeploymentPostprocessing = 0;
		};
/* End PBXSourcesBuildPhase section */

/* Begin PBXVariantGroup section */
		8335A6292B466B8300E8C2B2 /* Main.storyboard */ = {
			isa = PBXVariantGroup;
			children = (
				8335A62A2B466B8300E8C2B2 /* Base */,
			);
			name = Main.storyboard;
			sourceTree = "<group>";
		};
		8335A62E2B466B8500E8C2B2 /* LaunchScreen.storyboard */ = {
			isa = PBXVariantGroup;
			children = (
				8335A62F2B466B8500E8C2B2 /* Base */,
			);
			name = LaunchScreen.storyboard;
			sourceTree = "<group>";
		};
/* End PBXVariantGroup section */

/* Begin XCBuildConfiguration section */
		8335A6322B466B8500E8C2B2 /* Debug */ = {
			isa = XCBuildConfiguration;
			buildSettings = {
				ALWAYS_SEARCH_USER_PATHS = NO;
				CLANG_ANALYZER_NONNULL = YES;
				CLANG_ANALYZER_NUMBER_OBJECT_CONVERSION = YES_AGGRESSIVE;
				CLANG_CXX_LANGUAGE_STANDARD = "gnu++20";
				CLANG_ENABLE_MODULES = YES;
				CLANG_ENABLE_OBJC_ARC = YES;
				CLANG_ENABLE_OBJC_WEAK = YES;
				CLANG_WARN_BLOCK_CAPTURE_AUTORELEASING = YES;
				CLANG_WARN_BOOL_CONVERSION = YES;
				CLANG_WARN_COMMA = YES;
				CLANG_WARN_CONSTANT_CONVERSION = YES;
				CLANG_WARN_DEPRECATED_OBJC_IMPLEMENTATIONS = YES;
				CLANG_WARN_DIRECT_OBJC_ISA_USAGE = YES_ERROR;
				CLANG_WARN_DOCUMENTATION_COMMENTS = YES;
				CLANG_WARN_EMPTY_BODY = YES;
				CLANG_WARN_ENUM_CONVERSION = YES;
				CLANG_WARN_INFINITE_RECURSION = YES;
				CLANG_WARN_INT_CONVERSION = YES;
				CLANG_WARN_NON_LITERAL_NULL_CONVERSION = YES;
				CLANG_WARN_OBJC_IMPLICIT_RETAIN_SELF = YES;
				CLANG_WARN_OBJC_LITERAL_CONVERSION = YES;
				CLANG_WARN_OBJC_ROOT_CLASS = YES_ERROR;
				CLANG_WARN_QUOTED_INCLUDE_IN_FRAMEWORK_HEADER = YES;
				CLANG_WARN_RANGE_LOOP_ANALYSIS = YES;
				CLANG_WARN_STRICT_PROTOTYPES = YES;
				CLANG_WARN_SUSPICIOUS_MOVE = YES;
				CLANG_WARN_UNGUARDED_AVAILABILITY = YES_AGGRESSIVE;
				CLANG_WARN_UNREACHABLE_CODE = YES;
				CLANG_WARN__DUPLICATE_METHOD_MATCH = YES;
				COPY_PHASE_STRIP = NO;
				DEBUG_INFORMATION_FORMAT = dwarf;
				ENABLE_STRICT_OBJC_MSGSEND = YES;
				ENABLE_TESTABILITY = YES;
				GCC_C_LANGUAGE_STANDARD = gnu11;
				GCC_DYNAMIC_NO_PIC = NO;
				GCC_NO_COMMON_BLOCKS = YES;
				GCC_OPTIMIZATION_LEVEL = 0;
				GCC_PREPROCESSOR_DEFINITIONS = (
					"DEBUG=1",
					"$(inherited)",
				);
				GCC_WARN_64_TO_32_BIT_CONVERSION = YES;
				GCC_WARN_ABOUT_RETURN_TYPE = YES_ERROR;
				GCC_WARN_UNDECLARED_SELECTOR = YES;
				GCC_WARN_UNINITIALIZED_AUTOS = YES_AGGRESSIVE;
				GCC_WARN_UNUSED_FUNCTION = YES;
				GCC_WARN_UNUSED_VARIABLE = YES;
				IPHONEOS_DEPLOYMENT_TARGET = 16.1;
				MTL_ENABLE_DEBUG_INFO = INCLUDE_SOURCE;
				MTL_FAST_MATH = YES;
				ONLY_ACTIVE_ARCH = YES;
				SDKROOT = iphoneos;
				SWIFT_ACTIVE_COMPILATION_CONDITIONS = DEBUG;
				SWIFT_OPTIMIZATION_LEVEL = "-Onone";
			};
			name = Debug;
		};
		8335A6332B466B8500E8C2B2 /* Release */ = {
			isa = XCBuildConfiguration;
			buildSettings = {
				ALWAYS_SEARCH_USER_PATHS = NO;
				CLANG_ANALYZER_NONNULL = YES;
				CLANG_ANALYZER_NUMBER_OBJECT_CONVERSION = YES_AGGRESSIVE;
				CLANG_CXX_LANGUAGE_STANDARD = "gnu++20";
				CLANG_ENABLE_MODULES = YES;
				CLANG_ENABLE_OBJC_ARC = YES;
				CLANG_ENABLE_OBJC_WEAK = YES;
				CLANG_WARN_BLOCK_CAPTURE_AUTORELEASING = YES;
				CLANG_WARN_BOOL_CONVERSION = YES;
				CLANG_WARN_COMMA = YES;
				CLANG_WARN_CONSTANT_CONVERSION = YES;
				CLANG_WARN_DEPRECATED_OBJC_IMPLEMENTATIONS = YES;
				CLANG_WARN_DIRECT_OBJC_ISA_USAGE = YES_ERROR;
				CLANG_WARN_DOCUMENTATION_COMMENTS = YES;
				CLANG_WARN_EMPTY_BODY = YES;
				CLANG_WARN_ENUM_CONVERSION = YES;
				CLANG_WARN_INFINITE_RECURSION = YES;
				CLANG_WARN_INT_CONVERSION = YES;
				CLANG_WARN_NON_LITERAL_NULL_CONVERSION = YES;
				CLANG_WARN_OBJC_IMPLICIT_RETAIN_SELF = YES;
				CLANG_WARN_OBJC_LITERAL_CONVERSION = YES;
				CLANG_WARN_OBJC_ROOT_CLASS = YES_ERROR;
				CLANG_WARN_QUOTED_INCLUDE_IN_FRAMEWORK_HEADER = YES;
				CLANG_WARN_RANGE_LOOP_ANALYSIS = YES;
				CLANG_WARN_STRICT_PROTOTYPES = YES;
				CLANG_WARN_SUSPICIOUS_MOVE = YES;
				CLANG_WARN_UNGUARDED_AVAILABILITY = YES_AGGRESSIVE;
				CLANG_WARN_UNREACHABLE_CODE = YES;
				CLANG_WARN__DUPLICATE_METHOD_MATCH = YES;
				COPY_PHASE_STRIP = NO;
				DEBUG_INFORMATION_FORMAT = "dwarf-with-dsym";
				ENABLE_NS_ASSERTIONS = NO;
				ENABLE_STRICT_OBJC_MSGSEND = YES;
				GCC_C_LANGUAGE_STANDARD = gnu11;
				GCC_NO_COMMON_BLOCKS = YES;
				GCC_WARN_64_TO_32_BIT_CONVERSION = YES;
				GCC_WARN_ABOUT_RETURN_TYPE = YES_ERROR;
				GCC_WARN_UNDECLARED_SELECTOR = YES;
				GCC_WARN_UNINITIALIZED_AUTOS = YES_AGGRESSIVE;
				GCC_WARN_UNUSED_FUNCTION = YES;
				GCC_WARN_UNUSED_VARIABLE = YES;
				IPHONEOS_DEPLOYMENT_TARGET = 16.1;
				MTL_ENABLE_DEBUG_INFO = NO;
				MTL_FAST_MATH = YES;
				SDKROOT = iphoneos;
				SWIFT_COMPILATION_MODE = wholemodule;
				SWIFT_OPTIMIZATION_LEVEL = "-O";
				VALIDATE_PRODUCT = YES;
			};
			name = Release;
		};
		8335A6352B466B8500E8C2B2 /* Debug */ = {
			isa = XCBuildConfiguration;
			baseConfigurationReference = C3943EA0FE4BA92151D8C2FB /* Pods-Admob.debug.xcconfig */;
			buildSettings = {
				ASSETCATALOG_COMPILER_APPICON_NAME = AppIcon;
				ASSETCATALOG_COMPILER_GLOBAL_ACCENT_COLOR_NAME = AccentColor;
				CODE_SIGN_STYLE = Automatic;
				CURRENT_PROJECT_VERSION = 1;
				DEVELOPMENT_TEAM = GU76DM2W7Y;
				GENERATE_INFOPLIST_FILE = YES;
				INFOPLIST_FILE = Admob/Info.plist;
				INFOPLIST_KEY_UIApplicationSupportsIndirectInputEvents = YES;
				INFOPLIST_KEY_UILaunchStoryboardName = LaunchScreen;
				INFOPLIST_KEY_UIMainStoryboardFile = Main;
				INFOPLIST_KEY_UISupportedInterfaceOrientations_iPad = "UIInterfaceOrientationPortrait UIInterfaceOrientationPortraitUpsideDown UIInterfaceOrientationLandscapeLeft UIInterfaceOrientationLandscapeRight";
				INFOPLIST_KEY_UISupportedInterfaceOrientations_iPhone = "UIInterfaceOrientationPortrait UIInterfaceOrientationLandscapeLeft UIInterfaceOrientationLandscapeRight";
				LD_RUNPATH_SEARCH_PATHS = (
					"$(inherited)",
					"@executable_path/Frameworks",
				);
				MARKETING_VERSION = 1.0;
				PRODUCT_BUNDLE_IDENTIFIER = com.mc2techservices.Admob;
				PRODUCT_NAME = "$(TARGET_NAME)";
				SWIFT_EMIT_LOC_STRINGS = YES;
				SWIFT_VERSION = 5.0;
				TARGETED_DEVICE_FAMILY = "1,2";
			};
			name = Debug;
		};
		8335A6362B466B8500E8C2B2 /* Release */ = {
			isa = XCBuildConfiguration;
			baseConfigurationReference = A9D8C23DDCA5A6FDD6295B40 /* Pods-Admob.release.xcconfig */;
			buildSettings = {
				ASSETCATALOG_COMPILER_APPICON_NAME = AppIcon;
				ASSETCATALOG_COMPILER_GLOBAL_ACCENT_COLOR_NAME = AccentColor;
				CODE_SIGN_STYLE = Automatic;
				CURRENT_PROJECT_VERSION = 1;
				DEVELOPMENT_TEAM = GU76DM2W7Y;
				GENERATE_INFOPLIST_FILE = YES;
				INFOPLIST_FILE = Admob/Info.plist;
				INFOPLIST_KEY_UIApplicationSupportsIndirectInputEvents = YES;
				INFOPLIST_KEY_UILaunchStoryboardName = LaunchScreen;
				INFOPLIST_KEY_UIMainStoryboardFile = Main;
				INFOPLIST_KEY_UISupportedInterfaceOrientations_iPad = "UIInterfaceOrientationPortrait UIInterfaceOrientationPortraitUpsideDown UIInterfaceOrientationLandscapeLeft UIInterfaceOrientationLandscapeRight";
				INFOPLIST_KEY_UISupportedInterfaceOrientations_iPhone = "UIInterfaceOrientationPortrait UIInterfaceOrientationLandscapeLeft UIInterfaceOrientationLandscapeRight";
				LD_RUNPATH_SEARCH_PATHS = (
					"$(inherited)",
					"@executable_path/Frameworks",
				);
				MARKETING_VERSION = 1.0;
				PRODUCT_BUNDLE_IDENTIFIER = com.mc2techservices.Admob;
				PRODUCT_NAME = "$(TARGET_NAME)";
				SWIFT_EMIT_LOC_STRINGS = YES;
				SWIFT_VERSION = 5.0;
				TARGETED_DEVICE_FAMILY = "1,2";
			};
			name = Release;
		};
/* End XCBuildConfiguration section */

/* Begin XCConfigurationList section */
		8335A61B2B466B8300E8C2B2 /* Build configuration list for PBXProject "Admob" */ = {
			isa = XCConfigurationList;
			buildConfigurations = (
				8335A6322B466B8500E8C2B2 /* Debug */,
				8335A6332B466B8500E8C2B2 /* Release */,
			);
			defaultConfigurationIsVisible = 0;
			defaultConfigurationName = Release;
		};
		8335A6342B466B8500E8C2B2 /* Build configuration list for PBXNativeTarget "Admob" */ = {
			isa = XCConfigurationList;
			buildConfigurations = (
				8335A6352B466B8500E8C2B2 /* Debug */,
				8335A6362B466B8500E8C2B2 /* Release */,
			);
			defaultConfigurationIsVisible = 0;
			defaultConfigurationName = Release;
		};
/* End XCConfigurationList section */
	};
	rootObject = 8335A6182B466B8300E8C2B2 /* Project object */;
}
